
Microsoft Visual Studio Solution File, Format Version 12.00
# Visual Studio 15
VisualStudioVersion = 15.0.26430.15
MinimumVisualStudioVersion = 10.0.40219.1
Project("{9A19103F-16F7-4668-BE54-9A1E7A4F7556}") = "IndiePortable.Collections.Linq", "IndiePortable.Collections.Linq\IndiePortable.Collections.Linq.csproj", "{EFF45AE7-F0FA-47E7-AFDE-8A48ADA90513}"
EndProject
Project("{9A19103F-16F7-4668-BE54-9A1E7A4F7556}") = "IndiePortable.Collections", "IndiePortable.Collections\IndiePortable.Collections.csproj", "{06749B3F-A2CD-40FE-BCC1-7B32E9358AFC}"
EndProject
Project("{FAE04EC0-301F-11D3-BF4B-00C04F79EFBC}") = "IndiePortable.Collections.Concurrent", "IndiePortable.Collections.Concurrent\IndiePortable.Collections.Concurrent.csproj", "{3788DECB-2484-4566-B358-11A7A42FB65E}"
EndProject
Project("{FAE04EC0-301F-11D3-BF4B-00C04F79EFBC}") = "IndiePortable.Collections.Observable", "IndiePortable.Collections.Observable\IndiePortable.Collections.Observable.csproj", "{68A7B58F-3141-4106-988A-DD194F73DF06}"
EndProject
Global
	GlobalSection(SolutionConfigurationPlatforms) = preSolution
		Debug|Any CPU = Debug|Any CPU
		Release|Any CPU = Release|Any CPU
	EndGlobalSection
	GlobalSection(ProjectConfigurationPlatforms) = postSolution
		{EFF45AE7-F0FA-47E7-AFDE-8A48ADA90513}.Debug|Any CPU.ActiveCfg = Debug|Any CPU
		{EFF45AE7-F0FA-47E7-AFDE-8A48ADA90513}.Debug|Any CPU.Build.0 = Debug|Any CPU
		{EFF45AE7-F0FA-47E7-AFDE-8A48ADA90513}.Release|Any CPU.ActiveCfg = Release|Any CPU
		{EFF45AE7-F0FA-47E7-AFDE-8A48ADA90513}.Release|Any CPU.Build.0 = Release|Any CPU
		{06749B3F-A2CD-40FE-BCC1-7B32E9358AFC}.Debug|Any CPU.ActiveCfg = Debug|Any CPU
		{06749B3F-A2CD-40FE-BCC1-7B32E9358AFC}.Debug|Any CPU.Build.0 = Debug|Any CPU
		{06749B3F-A2CD-40FE-BCC1-7B32E9358AFC}.Release|Any CPU.ActiveCfg = Release|Any CPU
		{06749B3F-A2CD-40FE-BCC1-7B32E9358AFC}.Release|Any CPU.Build.0 = Release|Any CPU
		{3788DECB-2484-4566-B358-11A7A42FB65E}.Debug|Any CPU.ActiveCfg = Debug|Any CPU
		{3788DECB-2484-4566-B358-11A7A42FB65E}.Debug|Any CPU.Build.0 = Debug|Any CPU
		{3788DECB-2484-4566-B358-11A7A42FB65E}.Release|Any CPU.ActiveCfg = Release|Any CPU
		{3788DECB-2484-4566-B358-11A7A42FB65E}.Release|Any CPU.Build.0 = Release|Any CPU
		{68A7B58F-3141-4106-988A-DD194F73DF06}.Debug|Any CPU.ActiveCfg = Debug|Any CPU
		{68A7B58F-3141-4106-988A-DD194F73DF06}.Debug|Any CPU.Build.0 = Debug|Any CPU
		{68A7B58F-3141-4106-988A-DD194F73DF06}.Release|Any CPU.ActiveCfg = Release|Any CPU
		{68A7B58F-3141-4106-988A-DD194F73DF06}.Release|Any CPU.Build.0 = Release|Any CPU
	EndGlobalSection
	GlobalSection(SolutionProperties) = preSolution
		HideSolutionNode = FALSE
	EndGlobalSection
EndGlobal
