
Microsoft Visual Studio Solution File, Format Version 12.00
# Visual Studio 15
VisualStudioVersion = 15.0.26430.14
MinimumVisualStudioVersion = 10.0.40219.1
Project("{FAE04EC0-301F-11D3-BF4B-00C04F79EFBC}") = "Formatter", "Formatter\Formatter.csproj", "{E774E698-E2C3-4C82-AF09-4FB00EB5AA35}"
EndProject
Project("{FAE04EC0-301F-11D3-BF4B-00C04F79EFBC}") = "Collections", "Collections\Collections.csproj", "{4D764873-6C86-4EDE-8612-336F5ABA8FF6}"
EndProject
Project("{FAE04EC0-301F-11D3-BF4B-00C04F79EFBC}") = "Collections.Tests", "Collections.Tests\Collections.Tests.csproj", "{2C69D0E3-2AC7-4C84-9813-5E5B5170421D}"
EndProject
Project("{FAE04EC0-301F-11D3-BF4B-00C04F79EFBC}") = "AdvancedTasks", "AdvancedTasks\AdvancedTasks.csproj", "{3EF7714C-555E-4D15-B6C4-C523539E49A3}"
EndProject
Project("{FAE04EC0-301F-11D3-BF4B-00C04F79EFBC}") = "IndiePortable.Communication", "IndiePortable.Communication\IndiePortable.Communication.csproj", "{5744B8EF-9F6F-4778-9852-C4B5E463AA1D}"
EndProject
Project("{FAE04EC0-301F-11D3-BF4B-00C04F79EFBC}") = "IndiePortable.Communication.NetClassic", "IndiePortable.Communication.NetClassic\IndiePortable.Communication.NetClassic.csproj", "{737237FB-F3D5-4F9D-B3DB-1DBB5C6FB353}"
EndProject
Project("{FAE04EC0-301F-11D3-BF4B-00C04F79EFBC}") = "IndiePortable.Communication.Tcp", "IndiePortable.Communication.Tcp\IndiePortable.Communication.Tcp.csproj", "{769E337B-2A8B-47C3-9455-736784CE8C6A}"
EndProject
Project("{FAE04EC0-301F-11D3-BF4B-00C04F79EFBC}") = "IndiePortable.Communication.UniversalWindows", "IndiePortable.Communication.UniversalWindows\IndiePortable.Communication.UniversalWindows.csproj", "{FB8C7C2B-E527-4821-8AA6-47D6C9796F72}"
EndProject
Project("{FAE04EC0-301F-11D3-BF4B-00C04F79EFBC}") = "IndiePortable.Communication.EncryptedConnection", "IndiePortable.Communication.EncryptedConnection\IndiePortable.Communication.EncryptedConnection.csproj", "{125E5BF8-BFBE-4FB6-BA04-D5B445D0FA92}"
EndProject
Project("{FAE04EC0-301F-11D3-BF4B-00C04F79EFBC}") = "Test", "Test\Test.csproj", "{A7635337-A438-4BEE-AC0B-642CA2C3B15A}"
EndProject
Project("{FAE04EC0-301F-11D3-BF4B-00C04F79EFBC}") = "TestApp", "TestApp\TestApp.csproj", "{9D8273AB-3C8B-4843-B59F-D764F5B85F05}"
EndProject
Project("{FAE04EC0-301F-11D3-BF4B-00C04F79EFBC}") = "TestCommNetFramework", "TestCommNetFramework\TestCommNetFramework.csproj", "{2AEDB7BC-0887-459D-8135-BA7CD9A3420A}"
EndProject
Project("{FAE04EC0-301F-11D3-BF4B-00C04F79EFBC}") = "IndiePortable.Formatter.TypeScript", "IndiePortable.Formatter.TypeScript\IndiePortable.Formatter.TypeScript.csproj", "{798954A9-62BE-47B7-9DC3-D9F1DA0CE94B}"
EndProject
Project("{FAE04EC0-301F-11D3-BF4B-00C04F79EFBC}") = "UWPTest", "UWPTest\UWPTest.csproj", "{DA83E344-420F-4967-BE8F-36416BB2CF1C}"
EndProject
Project("{FAE04EC0-301F-11D3-BF4B-00C04F79EFBC}") = "TestLib", "TestLib\TestLib.csproj", "{8F751252-6178-456D-985B-3E71D6597023}"
EndProject
Project("{2150E333-8FDC-42A3-9474-1A3956D46DE8}") = "IndiePortable.Formatter", "IndiePortable.Formatter", "{ACFB3BAF-51D7-47A0-BE38-2A729C61CBE1}"
EndProject
Project("{FAE04EC0-301F-11D3-BF4B-00C04F79EFBC}") = "Formatter.Core", "Formatter.Core\Formatter.Core.csproj", "{34A8C9F8-7A6E-404D-B217-164BC5D7BF47}"
EndProject
Project("{FAE04EC0-301F-11D3-BF4B-00C04F79EFBC}") = "Formatter.Binary", "Formatter.Binary\Formatter.Binary.csproj", "{E1730180-E347-4A23-97BF-4DB31A66B626}"
EndProject
Project("{2150E333-8FDC-42A3-9474-1A3956D46DE8}") = "Communication", "Communication", "{B13EFDCD-E61D-4563-BB28-EF0B0AAFD8DD}"
EndProject
Project("{9A19103F-16F7-4668-BE54-9A1E7A4F7556}") = "IndiePortable.Communication.Core", "IndiePortable.Communication.Core\IndiePortable.Communication.Core.csproj", "{29BD8644-C1FE-4CAE-8408-64773A62558F}"
EndProject
Project("{2150E333-8FDC-42A3-9474-1A3956D46DE8}") = "IndiePortable.Collections", "IndiePortable.Collections", "{4CDB272D-2AFC-4824-B085-78C155563D94}"
EndProject
Project("{9A19103F-16F7-4668-BE54-9A1E7A4F7556}") = "IndiePortable.Collections.Linq", "IndiePortable.Collections.Linq\IndiePortable.Collections.Linq.csproj", "{B76473BD-5BD6-4588-847C-BB53B5BF4B96}"
EndProject
Project("{FAE04EC0-301F-11D3-BF4B-00C04F79EFBC}") = "IndiePortable.Communication.Connection.NetFX", "IndiePortable.Communication.Connection.NetFX\IndiePortable.Communication.Connection.NetFX.csproj", "{E2AD3548-9879-48C5-9A19-55AA45B46C68}"
EndProject
Project("{9A19103F-16F7-4668-BE54-9A1E7A4F7556}") = "IndiePortable.Communication.ClassMessages", "IndiePortable.Communication.ClassMessages\IndiePortable.Communication.ClassMessages.csproj", "{0D176637-E67B-4169-BE84-A56AFF2EE2A8}"
EndProject
Project("{9A19103F-16F7-4668-BE54-9A1E7A4F7556}") = "Formatter.Extensions", "Formatter.Extensions\Formatter.Extensions.csproj", "{4C882E4A-CD57-48B3-9E23-0ED8EE6153D1}"
EndProject
Project("{9A19103F-16F7-4668-BE54-9A1E7A4F7556}") = "Formatter.Json", "Formatter.Json\Formatter.Json.csproj", "{EBC62C6E-7580-496B-ABDB-A8B465D62042}"
EndProject
Project("{9A19103F-16F7-4668-BE54-9A1E7A4F7556}") = "IndiePortable.Collections", "IndiePortable.Collections\IndiePortable.Collections.csproj", "{D50F30A3-3A4C-42AC-A16E-C24A5AF401ED}"
EndProject
Project("{9A19103F-16F7-4668-BE54-9A1E7A4F7556}") = "IndiePortable.Communication.Connection.NetCore", "IndiePortable.Communication.Connection.NetCore\IndiePortable.Communication.Connection.NetCore.csproj", "{386FC14A-EA94-4E66-AF69-3775FEA3BFC5}"
EndProject
Project("{2150E333-8FDC-42A3-9474-1A3956D46DE8}") = "IndiePortable.AdvancedTasks", "IndiePortable.AdvancedTasks", "{ACA505B0-CF5A-4692-9363-80507D9562B3}"
EndProject
Project("{9A19103F-16F7-4668-BE54-9A1E7A4F7556}") = "IndiePortable.AdvancedTasks.Core", "IndiePortable.AdvancedTasks.Core\IndiePortable.AdvancedTasks.Core.csproj", "{54DB6B4F-CA8E-41FE-B96F-B51BC8E8C714}"
EndProject
Project("{9A19103F-16F7-4668-BE54-9A1E7A4F7556}") = "IndiePortable.Communication.Connection.JsonConnection", "IndiePortable.Communication.Connection.JsonConnection\IndiePortable.Communication.Connection.JsonConnection.csproj", "{84D9DA84-9139-4794-BB11-6512E8C75192}"
EndProject
Global
	GlobalSection(SolutionConfigurationPlatforms) = preSolution
		Debug|Any CPU = Debug|Any CPU
		Debug|ARM = Debug|ARM
		Debug|x64 = Debug|x64
		Debug|x86 = Debug|x86
		Release|Any CPU = Release|Any CPU
		Release|ARM = Release|ARM
		Release|x64 = Release|x64
		Release|x86 = Release|x86
	EndGlobalSection
	GlobalSection(ProjectConfigurationPlatforms) = postSolution
		{E774E698-E2C3-4C82-AF09-4FB00EB5AA35}.Debug|Any CPU.ActiveCfg = Debug|Any CPU
		{E774E698-E2C3-4C82-AF09-4FB00EB5AA35}.Debug|Any CPU.Build.0 = Debug|Any CPU
		{E774E698-E2C3-4C82-AF09-4FB00EB5AA35}.Debug|ARM.ActiveCfg = Debug|Any CPU
		{E774E698-E2C3-4C82-AF09-4FB00EB5AA35}.Debug|ARM.Build.0 = Debug|Any CPU
		{E774E698-E2C3-4C82-AF09-4FB00EB5AA35}.Debug|x64.ActiveCfg = Debug|Any CPU
		{E774E698-E2C3-4C82-AF09-4FB00EB5AA35}.Debug|x64.Build.0 = Debug|Any CPU
		{E774E698-E2C3-4C82-AF09-4FB00EB5AA35}.Debug|x86.ActiveCfg = Debug|Any CPU
		{E774E698-E2C3-4C82-AF09-4FB00EB5AA35}.Debug|x86.Build.0 = Debug|Any CPU
		{E774E698-E2C3-4C82-AF09-4FB00EB5AA35}.Release|Any CPU.ActiveCfg = Release|Any CPU
		{E774E698-E2C3-4C82-AF09-4FB00EB5AA35}.Release|Any CPU.Build.0 = Release|Any CPU
		{E774E698-E2C3-4C82-AF09-4FB00EB5AA35}.Release|ARM.ActiveCfg = Release|Any CPU
		{E774E698-E2C3-4C82-AF09-4FB00EB5AA35}.Release|ARM.Build.0 = Release|Any CPU
		{E774E698-E2C3-4C82-AF09-4FB00EB5AA35}.Release|x64.ActiveCfg = Release|Any CPU
		{E774E698-E2C3-4C82-AF09-4FB00EB5AA35}.Release|x64.Build.0 = Release|Any CPU
		{E774E698-E2C3-4C82-AF09-4FB00EB5AA35}.Release|x86.ActiveCfg = Release|Any CPU
		{E774E698-E2C3-4C82-AF09-4FB00EB5AA35}.Release|x86.Build.0 = Release|Any CPU
		{4D764873-6C86-4EDE-8612-336F5ABA8FF6}.Debug|Any CPU.ActiveCfg = Debug|Any CPU
		{4D764873-6C86-4EDE-8612-336F5ABA8FF6}.Debug|Any CPU.Build.0 = Debug|Any CPU
		{4D764873-6C86-4EDE-8612-336F5ABA8FF6}.Debug|ARM.ActiveCfg = Debug|Any CPU
		{4D764873-6C86-4EDE-8612-336F5ABA8FF6}.Debug|ARM.Build.0 = Debug|Any CPU
		{4D764873-6C86-4EDE-8612-336F5ABA8FF6}.Debug|x64.ActiveCfg = Debug|Any CPU
		{4D764873-6C86-4EDE-8612-336F5ABA8FF6}.Debug|x64.Build.0 = Debug|Any CPU
		{4D764873-6C86-4EDE-8612-336F5ABA8FF6}.Debug|x86.ActiveCfg = Debug|Any CPU
		{4D764873-6C86-4EDE-8612-336F5ABA8FF6}.Debug|x86.Build.0 = Debug|Any CPU
		{4D764873-6C86-4EDE-8612-336F5ABA8FF6}.Release|Any CPU.ActiveCfg = Release|Any CPU
		{4D764873-6C86-4EDE-8612-336F5ABA8FF6}.Release|Any CPU.Build.0 = Release|Any CPU
		{4D764873-6C86-4EDE-8612-336F5ABA8FF6}.Release|ARM.ActiveCfg = Release|Any CPU
		{4D764873-6C86-4EDE-8612-336F5ABA8FF6}.Release|ARM.Build.0 = Release|Any CPU
		{4D764873-6C86-4EDE-8612-336F5ABA8FF6}.Release|x64.ActiveCfg = Release|Any CPU
		{4D764873-6C86-4EDE-8612-336F5ABA8FF6}.Release|x64.Build.0 = Release|Any CPU
		{4D764873-6C86-4EDE-8612-336F5ABA8FF6}.Release|x86.ActiveCfg = Release|Any CPU
		{4D764873-6C86-4EDE-8612-336F5ABA8FF6}.Release|x86.Build.0 = Release|Any CPU
		{2C69D0E3-2AC7-4C84-9813-5E5B5170421D}.Debug|Any CPU.ActiveCfg = Debug|Any CPU
		{2C69D0E3-2AC7-4C84-9813-5E5B5170421D}.Debug|Any CPU.Build.0 = Debug|Any CPU
		{2C69D0E3-2AC7-4C84-9813-5E5B5170421D}.Debug|ARM.ActiveCfg = Debug|Any CPU
		{2C69D0E3-2AC7-4C84-9813-5E5B5170421D}.Debug|ARM.Build.0 = Debug|Any CPU
		{2C69D0E3-2AC7-4C84-9813-5E5B5170421D}.Debug|x64.ActiveCfg = Debug|Any CPU
		{2C69D0E3-2AC7-4C84-9813-5E5B5170421D}.Debug|x64.Build.0 = Debug|Any CPU
		{2C69D0E3-2AC7-4C84-9813-5E5B5170421D}.Debug|x86.ActiveCfg = Debug|Any CPU
		{2C69D0E3-2AC7-4C84-9813-5E5B5170421D}.Debug|x86.Build.0 = Debug|Any CPU
		{2C69D0E3-2AC7-4C84-9813-5E5B5170421D}.Release|Any CPU.ActiveCfg = Release|Any CPU
		{2C69D0E3-2AC7-4C84-9813-5E5B5170421D}.Release|Any CPU.Build.0 = Release|Any CPU
		{2C69D0E3-2AC7-4C84-9813-5E5B5170421D}.Release|ARM.ActiveCfg = Release|Any CPU
		{2C69D0E3-2AC7-4C84-9813-5E5B5170421D}.Release|ARM.Build.0 = Release|Any CPU
		{2C69D0E3-2AC7-4C84-9813-5E5B5170421D}.Release|x64.ActiveCfg = Release|Any CPU
		{2C69D0E3-2AC7-4C84-9813-5E5B5170421D}.Release|x64.Build.0 = Release|Any CPU
		{2C69D0E3-2AC7-4C84-9813-5E5B5170421D}.Release|x86.ActiveCfg = Release|Any CPU
		{2C69D0E3-2AC7-4C84-9813-5E5B5170421D}.Release|x86.Build.0 = Release|Any CPU
		{3EF7714C-555E-4D15-B6C4-C523539E49A3}.Debug|Any CPU.ActiveCfg = Debug|Any CPU
		{3EF7714C-555E-4D15-B6C4-C523539E49A3}.Debug|Any CPU.Build.0 = Debug|Any CPU
		{3EF7714C-555E-4D15-B6C4-C523539E49A3}.Debug|ARM.ActiveCfg = Debug|Any CPU
		{3EF7714C-555E-4D15-B6C4-C523539E49A3}.Debug|ARM.Build.0 = Debug|Any CPU
		{3EF7714C-555E-4D15-B6C4-C523539E49A3}.Debug|x64.ActiveCfg = Debug|Any CPU
		{3EF7714C-555E-4D15-B6C4-C523539E49A3}.Debug|x64.Build.0 = Debug|Any CPU
		{3EF7714C-555E-4D15-B6C4-C523539E49A3}.Debug|x86.ActiveCfg = Debug|Any CPU
		{3EF7714C-555E-4D15-B6C4-C523539E49A3}.Debug|x86.Build.0 = Debug|Any CPU
		{3EF7714C-555E-4D15-B6C4-C523539E49A3}.Release|Any CPU.ActiveCfg = Release|Any CPU
		{3EF7714C-555E-4D15-B6C4-C523539E49A3}.Release|Any CPU.Build.0 = Release|Any CPU
		{3EF7714C-555E-4D15-B6C4-C523539E49A3}.Release|ARM.ActiveCfg = Release|Any CPU
		{3EF7714C-555E-4D15-B6C4-C523539E49A3}.Release|ARM.Build.0 = Release|Any CPU
		{3EF7714C-555E-4D15-B6C4-C523539E49A3}.Release|x64.ActiveCfg = Release|Any CPU
		{3EF7714C-555E-4D15-B6C4-C523539E49A3}.Release|x64.Build.0 = Release|Any CPU
		{3EF7714C-555E-4D15-B6C4-C523539E49A3}.Release|x86.ActiveCfg = Release|Any CPU
		{3EF7714C-555E-4D15-B6C4-C523539E49A3}.Release|x86.Build.0 = Release|Any CPU
		{5744B8EF-9F6F-4778-9852-C4B5E463AA1D}.Debug|Any CPU.ActiveCfg = Debug|Any CPU
		{5744B8EF-9F6F-4778-9852-C4B5E463AA1D}.Debug|Any CPU.Build.0 = Debug|Any CPU
		{5744B8EF-9F6F-4778-9852-C4B5E463AA1D}.Debug|ARM.ActiveCfg = Debug|Any CPU
		{5744B8EF-9F6F-4778-9852-C4B5E463AA1D}.Debug|ARM.Build.0 = Debug|Any CPU
		{5744B8EF-9F6F-4778-9852-C4B5E463AA1D}.Debug|x64.ActiveCfg = Debug|Any CPU
		{5744B8EF-9F6F-4778-9852-C4B5E463AA1D}.Debug|x64.Build.0 = Debug|Any CPU
		{5744B8EF-9F6F-4778-9852-C4B5E463AA1D}.Debug|x86.ActiveCfg = Debug|Any CPU
		{5744B8EF-9F6F-4778-9852-C4B5E463AA1D}.Debug|x86.Build.0 = Debug|Any CPU
		{5744B8EF-9F6F-4778-9852-C4B5E463AA1D}.Release|Any CPU.ActiveCfg = Release|Any CPU
		{5744B8EF-9F6F-4778-9852-C4B5E463AA1D}.Release|Any CPU.Build.0 = Release|Any CPU
		{5744B8EF-9F6F-4778-9852-C4B5E463AA1D}.Release|ARM.ActiveCfg = Release|Any CPU
		{5744B8EF-9F6F-4778-9852-C4B5E463AA1D}.Release|ARM.Build.0 = Release|Any CPU
		{5744B8EF-9F6F-4778-9852-C4B5E463AA1D}.Release|x64.ActiveCfg = Release|Any CPU
		{5744B8EF-9F6F-4778-9852-C4B5E463AA1D}.Release|x64.Build.0 = Release|Any CPU
		{5744B8EF-9F6F-4778-9852-C4B5E463AA1D}.Release|x86.ActiveCfg = Release|Any CPU
		{5744B8EF-9F6F-4778-9852-C4B5E463AA1D}.Release|x86.Build.0 = Release|Any CPU
		{737237FB-F3D5-4F9D-B3DB-1DBB5C6FB353}.Debug|Any CPU.ActiveCfg = Debug|Any CPU
		{737237FB-F3D5-4F9D-B3DB-1DBB5C6FB353}.Debug|Any CPU.Build.0 = Debug|Any CPU
		{737237FB-F3D5-4F9D-B3DB-1DBB5C6FB353}.Debug|ARM.ActiveCfg = Debug|Any CPU
		{737237FB-F3D5-4F9D-B3DB-1DBB5C6FB353}.Debug|ARM.Build.0 = Debug|Any CPU
		{737237FB-F3D5-4F9D-B3DB-1DBB5C6FB353}.Debug|x64.ActiveCfg = Debug|Any CPU
		{737237FB-F3D5-4F9D-B3DB-1DBB5C6FB353}.Debug|x64.Build.0 = Debug|Any CPU
		{737237FB-F3D5-4F9D-B3DB-1DBB5C6FB353}.Debug|x86.ActiveCfg = Debug|Any CPU
		{737237FB-F3D5-4F9D-B3DB-1DBB5C6FB353}.Debug|x86.Build.0 = Debug|Any CPU
		{737237FB-F3D5-4F9D-B3DB-1DBB5C6FB353}.Release|Any CPU.ActiveCfg = Release|Any CPU
		{737237FB-F3D5-4F9D-B3DB-1DBB5C6FB353}.Release|Any CPU.Build.0 = Release|Any CPU
		{737237FB-F3D5-4F9D-B3DB-1DBB5C6FB353}.Release|ARM.ActiveCfg = Release|Any CPU
		{737237FB-F3D5-4F9D-B3DB-1DBB5C6FB353}.Release|ARM.Build.0 = Release|Any CPU
		{737237FB-F3D5-4F9D-B3DB-1DBB5C6FB353}.Release|x64.ActiveCfg = Release|Any CPU
		{737237FB-F3D5-4F9D-B3DB-1DBB5C6FB353}.Release|x64.Build.0 = Release|Any CPU
		{737237FB-F3D5-4F9D-B3DB-1DBB5C6FB353}.Release|x86.ActiveCfg = Release|Any CPU
		{737237FB-F3D5-4F9D-B3DB-1DBB5C6FB353}.Release|x86.Build.0 = Release|Any CPU
		{769E337B-2A8B-47C3-9455-736784CE8C6A}.Debug|Any CPU.ActiveCfg = Debug|Any CPU
		{769E337B-2A8B-47C3-9455-736784CE8C6A}.Debug|Any CPU.Build.0 = Debug|Any CPU
		{769E337B-2A8B-47C3-9455-736784CE8C6A}.Debug|ARM.ActiveCfg = Debug|Any CPU
		{769E337B-2A8B-47C3-9455-736784CE8C6A}.Debug|ARM.Build.0 = Debug|Any CPU
		{769E337B-2A8B-47C3-9455-736784CE8C6A}.Debug|x64.ActiveCfg = Debug|Any CPU
		{769E337B-2A8B-47C3-9455-736784CE8C6A}.Debug|x64.Build.0 = Debug|Any CPU
		{769E337B-2A8B-47C3-9455-736784CE8C6A}.Debug|x86.ActiveCfg = Debug|Any CPU
		{769E337B-2A8B-47C3-9455-736784CE8C6A}.Debug|x86.Build.0 = Debug|Any CPU
		{769E337B-2A8B-47C3-9455-736784CE8C6A}.Release|Any CPU.ActiveCfg = Release|Any CPU
		{769E337B-2A8B-47C3-9455-736784CE8C6A}.Release|Any CPU.Build.0 = Release|Any CPU
		{769E337B-2A8B-47C3-9455-736784CE8C6A}.Release|ARM.ActiveCfg = Release|Any CPU
		{769E337B-2A8B-47C3-9455-736784CE8C6A}.Release|ARM.Build.0 = Release|Any CPU
		{769E337B-2A8B-47C3-9455-736784CE8C6A}.Release|x64.ActiveCfg = Release|Any CPU
		{769E337B-2A8B-47C3-9455-736784CE8C6A}.Release|x64.Build.0 = Release|Any CPU
		{769E337B-2A8B-47C3-9455-736784CE8C6A}.Release|x86.ActiveCfg = Release|Any CPU
		{769E337B-2A8B-47C3-9455-736784CE8C6A}.Release|x86.Build.0 = Release|Any CPU
		{FB8C7C2B-E527-4821-8AA6-47D6C9796F72}.Debug|Any CPU.ActiveCfg = Debug|Any CPU
		{FB8C7C2B-E527-4821-8AA6-47D6C9796F72}.Debug|Any CPU.Build.0 = Debug|Any CPU
		{FB8C7C2B-E527-4821-8AA6-47D6C9796F72}.Debug|ARM.ActiveCfg = Debug|ARM
		{FB8C7C2B-E527-4821-8AA6-47D6C9796F72}.Debug|ARM.Build.0 = Debug|ARM
		{FB8C7C2B-E527-4821-8AA6-47D6C9796F72}.Debug|x64.ActiveCfg = Debug|x64
		{FB8C7C2B-E527-4821-8AA6-47D6C9796F72}.Debug|x64.Build.0 = Debug|x64
		{FB8C7C2B-E527-4821-8AA6-47D6C9796F72}.Debug|x86.ActiveCfg = Debug|x86
		{FB8C7C2B-E527-4821-8AA6-47D6C9796F72}.Debug|x86.Build.0 = Debug|x86
		{FB8C7C2B-E527-4821-8AA6-47D6C9796F72}.Release|Any CPU.ActiveCfg = Release|Any CPU
		{FB8C7C2B-E527-4821-8AA6-47D6C9796F72}.Release|Any CPU.Build.0 = Release|Any CPU
		{FB8C7C2B-E527-4821-8AA6-47D6C9796F72}.Release|ARM.ActiveCfg = Release|ARM
		{FB8C7C2B-E527-4821-8AA6-47D6C9796F72}.Release|ARM.Build.0 = Release|ARM
		{FB8C7C2B-E527-4821-8AA6-47D6C9796F72}.Release|x64.ActiveCfg = Release|x64
		{FB8C7C2B-E527-4821-8AA6-47D6C9796F72}.Release|x64.Build.0 = Release|x64
		{FB8C7C2B-E527-4821-8AA6-47D6C9796F72}.Release|x86.ActiveCfg = Release|x86
		{FB8C7C2B-E527-4821-8AA6-47D6C9796F72}.Release|x86.Build.0 = Release|x86
		{125E5BF8-BFBE-4FB6-BA04-D5B445D0FA92}.Debug|Any CPU.ActiveCfg = Debug|Any CPU
		{125E5BF8-BFBE-4FB6-BA04-D5B445D0FA92}.Debug|Any CPU.Build.0 = Debug|Any CPU
		{125E5BF8-BFBE-4FB6-BA04-D5B445D0FA92}.Debug|ARM.ActiveCfg = Debug|Any CPU
		{125E5BF8-BFBE-4FB6-BA04-D5B445D0FA92}.Debug|ARM.Build.0 = Debug|Any CPU
		{125E5BF8-BFBE-4FB6-BA04-D5B445D0FA92}.Debug|x64.ActiveCfg = Debug|Any CPU
		{125E5BF8-BFBE-4FB6-BA04-D5B445D0FA92}.Debug|x64.Build.0 = Debug|Any CPU
		{125E5BF8-BFBE-4FB6-BA04-D5B445D0FA92}.Debug|x86.ActiveCfg = Debug|Any CPU
		{125E5BF8-BFBE-4FB6-BA04-D5B445D0FA92}.Debug|x86.Build.0 = Debug|Any CPU
		{125E5BF8-BFBE-4FB6-BA04-D5B445D0FA92}.Release|Any CPU.ActiveCfg = Release|Any CPU
		{125E5BF8-BFBE-4FB6-BA04-D5B445D0FA92}.Release|Any CPU.Build.0 = Release|Any CPU
		{125E5BF8-BFBE-4FB6-BA04-D5B445D0FA92}.Release|ARM.ActiveCfg = Release|Any CPU
		{125E5BF8-BFBE-4FB6-BA04-D5B445D0FA92}.Release|ARM.Build.0 = Release|Any CPU
		{125E5BF8-BFBE-4FB6-BA04-D5B445D0FA92}.Release|x64.ActiveCfg = Release|Any CPU
		{125E5BF8-BFBE-4FB6-BA04-D5B445D0FA92}.Release|x64.Build.0 = Release|Any CPU
		{125E5BF8-BFBE-4FB6-BA04-D5B445D0FA92}.Release|x86.ActiveCfg = Release|Any CPU
		{125E5BF8-BFBE-4FB6-BA04-D5B445D0FA92}.Release|x86.Build.0 = Release|Any CPU
		{A7635337-A438-4BEE-AC0B-642CA2C3B15A}.Debug|Any CPU.ActiveCfg = Debug|Any CPU
		{A7635337-A438-4BEE-AC0B-642CA2C3B15A}.Debug|Any CPU.Build.0 = Debug|Any CPU
		{A7635337-A438-4BEE-AC0B-642CA2C3B15A}.Debug|ARM.ActiveCfg = Debug|Any CPU
		{A7635337-A438-4BEE-AC0B-642CA2C3B15A}.Debug|ARM.Build.0 = Debug|Any CPU
		{A7635337-A438-4BEE-AC0B-642CA2C3B15A}.Debug|x64.ActiveCfg = Debug|Any CPU
		{A7635337-A438-4BEE-AC0B-642CA2C3B15A}.Debug|x64.Build.0 = Debug|Any CPU
		{A7635337-A438-4BEE-AC0B-642CA2C3B15A}.Debug|x86.ActiveCfg = Debug|Any CPU
		{A7635337-A438-4BEE-AC0B-642CA2C3B15A}.Debug|x86.Build.0 = Debug|Any CPU
		{A7635337-A438-4BEE-AC0B-642CA2C3B15A}.Release|Any CPU.ActiveCfg = Release|Any CPU
		{A7635337-A438-4BEE-AC0B-642CA2C3B15A}.Release|Any CPU.Build.0 = Release|Any CPU
		{A7635337-A438-4BEE-AC0B-642CA2C3B15A}.Release|ARM.ActiveCfg = Release|Any CPU
		{A7635337-A438-4BEE-AC0B-642CA2C3B15A}.Release|ARM.Build.0 = Release|Any CPU
		{A7635337-A438-4BEE-AC0B-642CA2C3B15A}.Release|x64.ActiveCfg = Release|Any CPU
		{A7635337-A438-4BEE-AC0B-642CA2C3B15A}.Release|x64.Build.0 = Release|Any CPU
		{A7635337-A438-4BEE-AC0B-642CA2C3B15A}.Release|x86.ActiveCfg = Release|Any CPU
		{A7635337-A438-4BEE-AC0B-642CA2C3B15A}.Release|x86.Build.0 = Release|Any CPU
		{9D8273AB-3C8B-4843-B59F-D764F5B85F05}.Debug|Any CPU.ActiveCfg = Debug|x86
		{9D8273AB-3C8B-4843-B59F-D764F5B85F05}.Debug|Any CPU.Build.0 = Debug|x86
		{9D8273AB-3C8B-4843-B59F-D764F5B85F05}.Debug|Any CPU.Deploy.0 = Debug|x86
		{9D8273AB-3C8B-4843-B59F-D764F5B85F05}.Debug|ARM.ActiveCfg = Debug|ARM
		{9D8273AB-3C8B-4843-B59F-D764F5B85F05}.Debug|ARM.Build.0 = Debug|ARM
		{9D8273AB-3C8B-4843-B59F-D764F5B85F05}.Debug|ARM.Deploy.0 = Debug|ARM
		{9D8273AB-3C8B-4843-B59F-D764F5B85F05}.Debug|x64.ActiveCfg = Debug|x64
		{9D8273AB-3C8B-4843-B59F-D764F5B85F05}.Debug|x64.Build.0 = Debug|x64
		{9D8273AB-3C8B-4843-B59F-D764F5B85F05}.Debug|x64.Deploy.0 = Debug|x64
		{9D8273AB-3C8B-4843-B59F-D764F5B85F05}.Debug|x86.ActiveCfg = Debug|x86
		{9D8273AB-3C8B-4843-B59F-D764F5B85F05}.Debug|x86.Build.0 = Debug|x86
		{9D8273AB-3C8B-4843-B59F-D764F5B85F05}.Debug|x86.Deploy.0 = Debug|x86
		{9D8273AB-3C8B-4843-B59F-D764F5B85F05}.Release|Any CPU.ActiveCfg = Release|x86
		{9D8273AB-3C8B-4843-B59F-D764F5B85F05}.Release|ARM.ActiveCfg = Release|ARM
		{9D8273AB-3C8B-4843-B59F-D764F5B85F05}.Release|ARM.Build.0 = Release|ARM
		{9D8273AB-3C8B-4843-B59F-D764F5B85F05}.Release|ARM.Deploy.0 = Release|ARM
		{9D8273AB-3C8B-4843-B59F-D764F5B85F05}.Release|x64.ActiveCfg = Release|x64
		{9D8273AB-3C8B-4843-B59F-D764F5B85F05}.Release|x64.Build.0 = Release|x64
		{9D8273AB-3C8B-4843-B59F-D764F5B85F05}.Release|x64.Deploy.0 = Release|x64
		{9D8273AB-3C8B-4843-B59F-D764F5B85F05}.Release|x86.ActiveCfg = Release|x86
		{9D8273AB-3C8B-4843-B59F-D764F5B85F05}.Release|x86.Build.0 = Release|x86
		{9D8273AB-3C8B-4843-B59F-D764F5B85F05}.Release|x86.Deploy.0 = Release|x86
		{2AEDB7BC-0887-459D-8135-BA7CD9A3420A}.Debug|Any CPU.ActiveCfg = Debug|Any CPU
		{2AEDB7BC-0887-459D-8135-BA7CD9A3420A}.Debug|Any CPU.Build.0 = Debug|Any CPU
		{2AEDB7BC-0887-459D-8135-BA7CD9A3420A}.Debug|ARM.ActiveCfg = Debug|Any CPU
		{2AEDB7BC-0887-459D-8135-BA7CD9A3420A}.Debug|ARM.Build.0 = Debug|Any CPU
		{2AEDB7BC-0887-459D-8135-BA7CD9A3420A}.Debug|x64.ActiveCfg = Debug|Any CPU
		{2AEDB7BC-0887-459D-8135-BA7CD9A3420A}.Debug|x64.Build.0 = Debug|Any CPU
		{2AEDB7BC-0887-459D-8135-BA7CD9A3420A}.Debug|x86.ActiveCfg = Debug|Any CPU
		{2AEDB7BC-0887-459D-8135-BA7CD9A3420A}.Debug|x86.Build.0 = Debug|Any CPU
		{2AEDB7BC-0887-459D-8135-BA7CD9A3420A}.Release|Any CPU.ActiveCfg = Release|Any CPU
		{2AEDB7BC-0887-459D-8135-BA7CD9A3420A}.Release|Any CPU.Build.0 = Release|Any CPU
		{2AEDB7BC-0887-459D-8135-BA7CD9A3420A}.Release|ARM.ActiveCfg = Release|Any CPU
		{2AEDB7BC-0887-459D-8135-BA7CD9A3420A}.Release|ARM.Build.0 = Release|Any CPU
		{2AEDB7BC-0887-459D-8135-BA7CD9A3420A}.Release|x64.ActiveCfg = Release|Any CPU
		{2AEDB7BC-0887-459D-8135-BA7CD9A3420A}.Release|x64.Build.0 = Release|Any CPU
		{2AEDB7BC-0887-459D-8135-BA7CD9A3420A}.Release|x86.ActiveCfg = Release|Any CPU
		{2AEDB7BC-0887-459D-8135-BA7CD9A3420A}.Release|x86.Build.0 = Release|Any CPU
		{798954A9-62BE-47B7-9DC3-D9F1DA0CE94B}.Debug|Any CPU.ActiveCfg = Debug|Any CPU
		{798954A9-62BE-47B7-9DC3-D9F1DA0CE94B}.Debug|Any CPU.Build.0 = Debug|Any CPU
		{798954A9-62BE-47B7-9DC3-D9F1DA0CE94B}.Debug|ARM.ActiveCfg = Debug|Any CPU
		{798954A9-62BE-47B7-9DC3-D9F1DA0CE94B}.Debug|ARM.Build.0 = Debug|Any CPU
		{798954A9-62BE-47B7-9DC3-D9F1DA0CE94B}.Debug|x64.ActiveCfg = Debug|Any CPU
		{798954A9-62BE-47B7-9DC3-D9F1DA0CE94B}.Debug|x64.Build.0 = Debug|Any CPU
		{798954A9-62BE-47B7-9DC3-D9F1DA0CE94B}.Debug|x86.ActiveCfg = Debug|Any CPU
		{798954A9-62BE-47B7-9DC3-D9F1DA0CE94B}.Debug|x86.Build.0 = Debug|Any CPU
		{798954A9-62BE-47B7-9DC3-D9F1DA0CE94B}.Release|Any CPU.ActiveCfg = Release|Any CPU
		{798954A9-62BE-47B7-9DC3-D9F1DA0CE94B}.Release|Any CPU.Build.0 = Release|Any CPU
		{798954A9-62BE-47B7-9DC3-D9F1DA0CE94B}.Release|ARM.ActiveCfg = Release|Any CPU
		{798954A9-62BE-47B7-9DC3-D9F1DA0CE94B}.Release|ARM.Build.0 = Release|Any CPU
		{798954A9-62BE-47B7-9DC3-D9F1DA0CE94B}.Release|x64.ActiveCfg = Release|Any CPU
		{798954A9-62BE-47B7-9DC3-D9F1DA0CE94B}.Release|x64.Build.0 = Release|Any CPU
		{798954A9-62BE-47B7-9DC3-D9F1DA0CE94B}.Release|x86.ActiveCfg = Release|Any CPU
		{798954A9-62BE-47B7-9DC3-D9F1DA0CE94B}.Release|x86.Build.0 = Release|Any CPU
		{DA83E344-420F-4967-BE8F-36416BB2CF1C}.Debug|Any CPU.ActiveCfg = Debug|x86
		{DA83E344-420F-4967-BE8F-36416BB2CF1C}.Debug|Any CPU.Build.0 = Debug|x86
		{DA83E344-420F-4967-BE8F-36416BB2CF1C}.Debug|Any CPU.Deploy.0 = Debug|x86
		{DA83E344-420F-4967-BE8F-36416BB2CF1C}.Debug|ARM.ActiveCfg = Debug|ARM
		{DA83E344-420F-4967-BE8F-36416BB2CF1C}.Debug|ARM.Build.0 = Debug|ARM
		{DA83E344-420F-4967-BE8F-36416BB2CF1C}.Debug|ARM.Deploy.0 = Debug|ARM
		{DA83E344-420F-4967-BE8F-36416BB2CF1C}.Debug|x64.ActiveCfg = Debug|x64
		{DA83E344-420F-4967-BE8F-36416BB2CF1C}.Debug|x64.Build.0 = Debug|x64
		{DA83E344-420F-4967-BE8F-36416BB2CF1C}.Debug|x64.Deploy.0 = Debug|x64
		{DA83E344-420F-4967-BE8F-36416BB2CF1C}.Debug|x86.ActiveCfg = Debug|x86
		{DA83E344-420F-4967-BE8F-36416BB2CF1C}.Debug|x86.Build.0 = Debug|x86
		{DA83E344-420F-4967-BE8F-36416BB2CF1C}.Debug|x86.Deploy.0 = Debug|x86
		{DA83E344-420F-4967-BE8F-36416BB2CF1C}.Release|Any CPU.ActiveCfg = Release|x86
		{DA83E344-420F-4967-BE8F-36416BB2CF1C}.Release|ARM.ActiveCfg = Release|ARM
		{DA83E344-420F-4967-BE8F-36416BB2CF1C}.Release|ARM.Build.0 = Release|ARM
		{DA83E344-420F-4967-BE8F-36416BB2CF1C}.Release|ARM.Deploy.0 = Release|ARM
		{DA83E344-420F-4967-BE8F-36416BB2CF1C}.Release|x64.ActiveCfg = Release|x64
		{DA83E344-420F-4967-BE8F-36416BB2CF1C}.Release|x64.Build.0 = Release|x64
		{DA83E344-420F-4967-BE8F-36416BB2CF1C}.Release|x64.Deploy.0 = Release|x64
		{DA83E344-420F-4967-BE8F-36416BB2CF1C}.Release|x86.ActiveCfg = Release|x86
		{DA83E344-420F-4967-BE8F-36416BB2CF1C}.Release|x86.Build.0 = Release|x86
		{DA83E344-420F-4967-BE8F-36416BB2CF1C}.Release|x86.Deploy.0 = Release|x86
		{8F751252-6178-456D-985B-3E71D6597023}.Debug|Any CPU.ActiveCfg = Debug|Any CPU
		{8F751252-6178-456D-985B-3E71D6597023}.Debug|Any CPU.Build.0 = Debug|Any CPU
		{8F751252-6178-456D-985B-3E71D6597023}.Debug|ARM.ActiveCfg = Debug|Any CPU
		{8F751252-6178-456D-985B-3E71D6597023}.Debug|ARM.Build.0 = Debug|Any CPU
		{8F751252-6178-456D-985B-3E71D6597023}.Debug|x64.ActiveCfg = Debug|Any CPU
		{8F751252-6178-456D-985B-3E71D6597023}.Debug|x64.Build.0 = Debug|Any CPU
		{8F751252-6178-456D-985B-3E71D6597023}.Debug|x86.ActiveCfg = Debug|Any CPU
		{8F751252-6178-456D-985B-3E71D6597023}.Debug|x86.Build.0 = Debug|Any CPU
		{8F751252-6178-456D-985B-3E71D6597023}.Release|Any CPU.ActiveCfg = Release|Any CPU
		{8F751252-6178-456D-985B-3E71D6597023}.Release|Any CPU.Build.0 = Release|Any CPU
		{8F751252-6178-456D-985B-3E71D6597023}.Release|ARM.ActiveCfg = Release|Any CPU
		{8F751252-6178-456D-985B-3E71D6597023}.Release|ARM.Build.0 = Release|Any CPU
		{8F751252-6178-456D-985B-3E71D6597023}.Release|x64.ActiveCfg = Release|Any CPU
		{8F751252-6178-456D-985B-3E71D6597023}.Release|x64.Build.0 = Release|Any CPU
		{8F751252-6178-456D-985B-3E71D6597023}.Release|x86.ActiveCfg = Release|Any CPU
		{8F751252-6178-456D-985B-3E71D6597023}.Release|x86.Build.0 = Release|Any CPU
		{34A8C9F8-7A6E-404D-B217-164BC5D7BF47}.Debug|Any CPU.ActiveCfg = Debug|Any CPU
		{34A8C9F8-7A6E-404D-B217-164BC5D7BF47}.Debug|Any CPU.Build.0 = Debug|Any CPU
		{34A8C9F8-7A6E-404D-B217-164BC5D7BF47}.Debug|ARM.ActiveCfg = Debug|Any CPU
		{34A8C9F8-7A6E-404D-B217-164BC5D7BF47}.Debug|ARM.Build.0 = Debug|Any CPU
		{34A8C9F8-7A6E-404D-B217-164BC5D7BF47}.Debug|x64.ActiveCfg = Debug|Any CPU
		{34A8C9F8-7A6E-404D-B217-164BC5D7BF47}.Debug|x64.Build.0 = Debug|Any CPU
		{34A8C9F8-7A6E-404D-B217-164BC5D7BF47}.Debug|x86.ActiveCfg = Debug|Any CPU
		{34A8C9F8-7A6E-404D-B217-164BC5D7BF47}.Debug|x86.Build.0 = Debug|Any CPU
		{34A8C9F8-7A6E-404D-B217-164BC5D7BF47}.Release|Any CPU.ActiveCfg = Release|Any CPU
		{34A8C9F8-7A6E-404D-B217-164BC5D7BF47}.Release|Any CPU.Build.0 = Release|Any CPU
		{34A8C9F8-7A6E-404D-B217-164BC5D7BF47}.Release|ARM.ActiveCfg = Release|Any CPU
		{34A8C9F8-7A6E-404D-B217-164BC5D7BF47}.Release|ARM.Build.0 = Release|Any CPU
		{34A8C9F8-7A6E-404D-B217-164BC5D7BF47}.Release|x64.ActiveCfg = Release|Any CPU
		{34A8C9F8-7A6E-404D-B217-164BC5D7BF47}.Release|x64.Build.0 = Release|Any CPU
		{34A8C9F8-7A6E-404D-B217-164BC5D7BF47}.Release|x86.ActiveCfg = Release|Any CPU
		{34A8C9F8-7A6E-404D-B217-164BC5D7BF47}.Release|x86.Build.0 = Release|Any CPU
		{E1730180-E347-4A23-97BF-4DB31A66B626}.Debug|Any CPU.ActiveCfg = Debug|Any CPU
		{E1730180-E347-4A23-97BF-4DB31A66B626}.Debug|Any CPU.Build.0 = Debug|Any CPU
		{E1730180-E347-4A23-97BF-4DB31A66B626}.Debug|ARM.ActiveCfg = Debug|Any CPU
		{E1730180-E347-4A23-97BF-4DB31A66B626}.Debug|ARM.Build.0 = Debug|Any CPU
		{E1730180-E347-4A23-97BF-4DB31A66B626}.Debug|x64.ActiveCfg = Debug|Any CPU
		{E1730180-E347-4A23-97BF-4DB31A66B626}.Debug|x64.Build.0 = Debug|Any CPU
		{E1730180-E347-4A23-97BF-4DB31A66B626}.Debug|x86.ActiveCfg = Debug|Any CPU
		{E1730180-E347-4A23-97BF-4DB31A66B626}.Debug|x86.Build.0 = Debug|Any CPU
		{E1730180-E347-4A23-97BF-4DB31A66B626}.Release|Any CPU.ActiveCfg = Release|Any CPU
		{E1730180-E347-4A23-97BF-4DB31A66B626}.Release|Any CPU.Build.0 = Release|Any CPU
		{E1730180-E347-4A23-97BF-4DB31A66B626}.Release|ARM.ActiveCfg = Release|Any CPU
		{E1730180-E347-4A23-97BF-4DB31A66B626}.Release|ARM.Build.0 = Release|Any CPU
		{E1730180-E347-4A23-97BF-4DB31A66B626}.Release|x64.ActiveCfg = Release|Any CPU
		{E1730180-E347-4A23-97BF-4DB31A66B626}.Release|x64.Build.0 = Release|Any CPU
		{E1730180-E347-4A23-97BF-4DB31A66B626}.Release|x86.ActiveCfg = Release|Any CPU
		{E1730180-E347-4A23-97BF-4DB31A66B626}.Release|x86.Build.0 = Release|Any CPU
		{29BD8644-C1FE-4CAE-8408-64773A62558F}.Debug|Any CPU.ActiveCfg = Debug|Any CPU
		{29BD8644-C1FE-4CAE-8408-64773A62558F}.Debug|Any CPU.Build.0 = Debug|Any CPU
		{29BD8644-C1FE-4CAE-8408-64773A62558F}.Debug|ARM.ActiveCfg = Debug|Any CPU
		{29BD8644-C1FE-4CAE-8408-64773A62558F}.Debug|ARM.Build.0 = Debug|Any CPU
		{29BD8644-C1FE-4CAE-8408-64773A62558F}.Debug|x64.ActiveCfg = Debug|Any CPU
		{29BD8644-C1FE-4CAE-8408-64773A62558F}.Debug|x64.Build.0 = Debug|Any CPU
		{29BD8644-C1FE-4CAE-8408-64773A62558F}.Debug|x86.ActiveCfg = Debug|Any CPU
		{29BD8644-C1FE-4CAE-8408-64773A62558F}.Debug|x86.Build.0 = Debug|Any CPU
		{29BD8644-C1FE-4CAE-8408-64773A62558F}.Release|Any CPU.ActiveCfg = Release|Any CPU
		{29BD8644-C1FE-4CAE-8408-64773A62558F}.Release|Any CPU.Build.0 = Release|Any CPU
		{29BD8644-C1FE-4CAE-8408-64773A62558F}.Release|ARM.ActiveCfg = Release|Any CPU
		{29BD8644-C1FE-4CAE-8408-64773A62558F}.Release|ARM.Build.0 = Release|Any CPU
		{29BD8644-C1FE-4CAE-8408-64773A62558F}.Release|x64.ActiveCfg = Release|Any CPU
		{29BD8644-C1FE-4CAE-8408-64773A62558F}.Release|x64.Build.0 = Release|Any CPU
		{29BD8644-C1FE-4CAE-8408-64773A62558F}.Release|x86.ActiveCfg = Release|Any CPU
		{29BD8644-C1FE-4CAE-8408-64773A62558F}.Release|x86.Build.0 = Release|Any CPU
		{B76473BD-5BD6-4588-847C-BB53B5BF4B96}.Debug|Any CPU.ActiveCfg = Debug|Any CPU
		{B76473BD-5BD6-4588-847C-BB53B5BF4B96}.Debug|Any CPU.Build.0 = Debug|Any CPU
		{B76473BD-5BD6-4588-847C-BB53B5BF4B96}.Debug|ARM.ActiveCfg = Debug|Any CPU
		{B76473BD-5BD6-4588-847C-BB53B5BF4B96}.Debug|ARM.Build.0 = Debug|Any CPU
		{B76473BD-5BD6-4588-847C-BB53B5BF4B96}.Debug|x64.ActiveCfg = Debug|Any CPU
		{B76473BD-5BD6-4588-847C-BB53B5BF4B96}.Debug|x64.Build.0 = Debug|Any CPU
		{B76473BD-5BD6-4588-847C-BB53B5BF4B96}.Debug|x86.ActiveCfg = Debug|Any CPU
		{B76473BD-5BD6-4588-847C-BB53B5BF4B96}.Debug|x86.Build.0 = Debug|Any CPU
		{B76473BD-5BD6-4588-847C-BB53B5BF4B96}.Release|Any CPU.ActiveCfg = Release|Any CPU
		{B76473BD-5BD6-4588-847C-BB53B5BF4B96}.Release|Any CPU.Build.0 = Release|Any CPU
		{B76473BD-5BD6-4588-847C-BB53B5BF4B96}.Release|ARM.ActiveCfg = Release|Any CPU
		{B76473BD-5BD6-4588-847C-BB53B5BF4B96}.Release|ARM.Build.0 = Release|Any CPU
		{B76473BD-5BD6-4588-847C-BB53B5BF4B96}.Release|x64.ActiveCfg = Release|Any CPU
		{B76473BD-5BD6-4588-847C-BB53B5BF4B96}.Release|x64.Build.0 = Release|Any CPU
		{B76473BD-5BD6-4588-847C-BB53B5BF4B96}.Release|x86.ActiveCfg = Release|Any CPU
		{B76473BD-5BD6-4588-847C-BB53B5BF4B96}.Release|x86.Build.0 = Release|Any CPU
		{E2AD3548-9879-48C5-9A19-55AA45B46C68}.Debug|Any CPU.ActiveCfg = Debug|Any CPU
		{E2AD3548-9879-48C5-9A19-55AA45B46C68}.Debug|Any CPU.Build.0 = Debug|Any CPU
		{E2AD3548-9879-48C5-9A19-55AA45B46C68}.Debug|ARM.ActiveCfg = Debug|Any CPU
		{E2AD3548-9879-48C5-9A19-55AA45B46C68}.Debug|ARM.Build.0 = Debug|Any CPU
		{E2AD3548-9879-48C5-9A19-55AA45B46C68}.Debug|x64.ActiveCfg = Debug|Any CPU
		{E2AD3548-9879-48C5-9A19-55AA45B46C68}.Debug|x64.Build.0 = Debug|Any CPU
		{E2AD3548-9879-48C5-9A19-55AA45B46C68}.Debug|x86.ActiveCfg = Debug|Any CPU
		{E2AD3548-9879-48C5-9A19-55AA45B46C68}.Debug|x86.Build.0 = Debug|Any CPU
		{E2AD3548-9879-48C5-9A19-55AA45B46C68}.Release|Any CPU.ActiveCfg = Release|Any CPU
		{E2AD3548-9879-48C5-9A19-55AA45B46C68}.Release|Any CPU.Build.0 = Release|Any CPU
		{E2AD3548-9879-48C5-9A19-55AA45B46C68}.Release|ARM.ActiveCfg = Release|Any CPU
		{E2AD3548-9879-48C5-9A19-55AA45B46C68}.Release|ARM.Build.0 = Release|Any CPU
		{E2AD3548-9879-48C5-9A19-55AA45B46C68}.Release|x64.ActiveCfg = Release|Any CPU
		{E2AD3548-9879-48C5-9A19-55AA45B46C68}.Release|x64.Build.0 = Release|Any CPU
		{E2AD3548-9879-48C5-9A19-55AA45B46C68}.Release|x86.ActiveCfg = Release|Any CPU
		{E2AD3548-9879-48C5-9A19-55AA45B46C68}.Release|x86.Build.0 = Release|Any CPU
		{0D176637-E67B-4169-BE84-A56AFF2EE2A8}.Debug|Any CPU.ActiveCfg = Debug|Any CPU
		{0D176637-E67B-4169-BE84-A56AFF2EE2A8}.Debug|Any CPU.Build.0 = Debug|Any CPU
		{0D176637-E67B-4169-BE84-A56AFF2EE2A8}.Debug|ARM.ActiveCfg = Debug|Any CPU
		{0D176637-E67B-4169-BE84-A56AFF2EE2A8}.Debug|ARM.Build.0 = Debug|Any CPU
		{0D176637-E67B-4169-BE84-A56AFF2EE2A8}.Debug|x64.ActiveCfg = Debug|Any CPU
		{0D176637-E67B-4169-BE84-A56AFF2EE2A8}.Debug|x64.Build.0 = Debug|Any CPU
		{0D176637-E67B-4169-BE84-A56AFF2EE2A8}.Debug|x86.ActiveCfg = Debug|Any CPU
		{0D176637-E67B-4169-BE84-A56AFF2EE2A8}.Debug|x86.Build.0 = Debug|Any CPU
		{0D176637-E67B-4169-BE84-A56AFF2EE2A8}.Release|Any CPU.ActiveCfg = Release|Any CPU
		{0D176637-E67B-4169-BE84-A56AFF2EE2A8}.Release|Any CPU.Build.0 = Release|Any CPU
		{0D176637-E67B-4169-BE84-A56AFF2EE2A8}.Release|ARM.ActiveCfg = Release|Any CPU
		{0D176637-E67B-4169-BE84-A56AFF2EE2A8}.Release|ARM.Build.0 = Release|Any CPU
		{0D176637-E67B-4169-BE84-A56AFF2EE2A8}.Release|x64.ActiveCfg = Release|Any CPU
		{0D176637-E67B-4169-BE84-A56AFF2EE2A8}.Release|x64.Build.0 = Release|Any CPU
		{0D176637-E67B-4169-BE84-A56AFF2EE2A8}.Release|x86.ActiveCfg = Release|Any CPU
		{0D176637-E67B-4169-BE84-A56AFF2EE2A8}.Release|x86.Build.0 = Release|Any CPU
		{4C882E4A-CD57-48B3-9E23-0ED8EE6153D1}.Debug|Any CPU.ActiveCfg = Debug|Any CPU
		{4C882E4A-CD57-48B3-9E23-0ED8EE6153D1}.Debug|Any CPU.Build.0 = Debug|Any CPU
		{4C882E4A-CD57-48B3-9E23-0ED8EE6153D1}.Debug|ARM.ActiveCfg = Debug|Any CPU
		{4C882E4A-CD57-48B3-9E23-0ED8EE6153D1}.Debug|ARM.Build.0 = Debug|Any CPU
		{4C882E4A-CD57-48B3-9E23-0ED8EE6153D1}.Debug|x64.ActiveCfg = Debug|Any CPU
		{4C882E4A-CD57-48B3-9E23-0ED8EE6153D1}.Debug|x64.Build.0 = Debug|Any CPU
		{4C882E4A-CD57-48B3-9E23-0ED8EE6153D1}.Debug|x86.ActiveCfg = Debug|Any CPU
		{4C882E4A-CD57-48B3-9E23-0ED8EE6153D1}.Debug|x86.Build.0 = Debug|Any CPU
		{4C882E4A-CD57-48B3-9E23-0ED8EE6153D1}.Release|Any CPU.ActiveCfg = Release|Any CPU
		{4C882E4A-CD57-48B3-9E23-0ED8EE6153D1}.Release|Any CPU.Build.0 = Release|Any CPU
		{4C882E4A-CD57-48B3-9E23-0ED8EE6153D1}.Release|ARM.ActiveCfg = Release|Any CPU
		{4C882E4A-CD57-48B3-9E23-0ED8EE6153D1}.Release|ARM.Build.0 = Release|Any CPU
		{4C882E4A-CD57-48B3-9E23-0ED8EE6153D1}.Release|x64.ActiveCfg = Release|Any CPU
		{4C882E4A-CD57-48B3-9E23-0ED8EE6153D1}.Release|x64.Build.0 = Release|Any CPU
		{4C882E4A-CD57-48B3-9E23-0ED8EE6153D1}.Release|x86.ActiveCfg = Release|Any CPU
		{4C882E4A-CD57-48B3-9E23-0ED8EE6153D1}.Release|x86.Build.0 = Release|Any CPU
		{EBC62C6E-7580-496B-ABDB-A8B465D62042}.Debug|Any CPU.ActiveCfg = Debug|Any CPU
		{EBC62C6E-7580-496B-ABDB-A8B465D62042}.Debug|Any CPU.Build.0 = Debug|Any CPU
		{EBC62C6E-7580-496B-ABDB-A8B465D62042}.Debug|ARM.ActiveCfg = Debug|Any CPU
		{EBC62C6E-7580-496B-ABDB-A8B465D62042}.Debug|ARM.Build.0 = Debug|Any CPU
		{EBC62C6E-7580-496B-ABDB-A8B465D62042}.Debug|x64.ActiveCfg = Debug|Any CPU
		{EBC62C6E-7580-496B-ABDB-A8B465D62042}.Debug|x64.Build.0 = Debug|Any CPU
		{EBC62C6E-7580-496B-ABDB-A8B465D62042}.Debug|x86.ActiveCfg = Debug|Any CPU
		{EBC62C6E-7580-496B-ABDB-A8B465D62042}.Debug|x86.Build.0 = Debug|Any CPU
		{EBC62C6E-7580-496B-ABDB-A8B465D62042}.Release|Any CPU.ActiveCfg = Release|Any CPU
		{EBC62C6E-7580-496B-ABDB-A8B465D62042}.Release|Any CPU.Build.0 = Release|Any CPU
		{EBC62C6E-7580-496B-ABDB-A8B465D62042}.Release|ARM.ActiveCfg = Release|Any CPU
		{EBC62C6E-7580-496B-ABDB-A8B465D62042}.Release|ARM.Build.0 = Release|Any CPU
		{EBC62C6E-7580-496B-ABDB-A8B465D62042}.Release|x64.ActiveCfg = Release|Any CPU
		{EBC62C6E-7580-496B-ABDB-A8B465D62042}.Release|x64.Build.0 = Release|Any CPU
		{EBC62C6E-7580-496B-ABDB-A8B465D62042}.Release|x86.ActiveCfg = Release|Any CPU
		{EBC62C6E-7580-496B-ABDB-A8B465D62042}.Release|x86.Build.0 = Release|Any CPU
		{D50F30A3-3A4C-42AC-A16E-C24A5AF401ED}.Debug|Any CPU.ActiveCfg = Debug|Any CPU
		{D50F30A3-3A4C-42AC-A16E-C24A5AF401ED}.Debug|Any CPU.Build.0 = Debug|Any CPU
		{D50F30A3-3A4C-42AC-A16E-C24A5AF401ED}.Debug|ARM.ActiveCfg = Debug|Any CPU
		{D50F30A3-3A4C-42AC-A16E-C24A5AF401ED}.Debug|ARM.Build.0 = Debug|Any CPU
		{D50F30A3-3A4C-42AC-A16E-C24A5AF401ED}.Debug|x64.ActiveCfg = Debug|Any CPU
		{D50F30A3-3A4C-42AC-A16E-C24A5AF401ED}.Debug|x64.Build.0 = Debug|Any CPU
		{D50F30A3-3A4C-42AC-A16E-C24A5AF401ED}.Debug|x86.ActiveCfg = Debug|Any CPU
		{D50F30A3-3A4C-42AC-A16E-C24A5AF401ED}.Debug|x86.Build.0 = Debug|Any CPU
		{D50F30A3-3A4C-42AC-A16E-C24A5AF401ED}.Release|Any CPU.ActiveCfg = Release|Any CPU
		{D50F30A3-3A4C-42AC-A16E-C24A5AF401ED}.Release|Any CPU.Build.0 = Release|Any CPU
		{D50F30A3-3A4C-42AC-A16E-C24A5AF401ED}.Release|ARM.ActiveCfg = Release|Any CPU
		{D50F30A3-3A4C-42AC-A16E-C24A5AF401ED}.Release|ARM.Build.0 = Release|Any CPU
		{D50F30A3-3A4C-42AC-A16E-C24A5AF401ED}.Release|x64.ActiveCfg = Release|Any CPU
		{D50F30A3-3A4C-42AC-A16E-C24A5AF401ED}.Release|x64.Build.0 = Release|Any CPU
		{D50F30A3-3A4C-42AC-A16E-C24A5AF401ED}.Release|x86.ActiveCfg = Release|Any CPU
		{D50F30A3-3A4C-42AC-A16E-C24A5AF401ED}.Release|x86.Build.0 = Release|Any CPU
		{386FC14A-EA94-4E66-AF69-3775FEA3BFC5}.Debug|Any CPU.ActiveCfg = Debug|Any CPU
		{386FC14A-EA94-4E66-AF69-3775FEA3BFC5}.Debug|Any CPU.Build.0 = Debug|Any CPU
		{386FC14A-EA94-4E66-AF69-3775FEA3BFC5}.Debug|ARM.ActiveCfg = Debug|Any CPU
		{386FC14A-EA94-4E66-AF69-3775FEA3BFC5}.Debug|ARM.Build.0 = Debug|Any CPU
		{386FC14A-EA94-4E66-AF69-3775FEA3BFC5}.Debug|x64.ActiveCfg = Debug|Any CPU
		{386FC14A-EA94-4E66-AF69-3775FEA3BFC5}.Debug|x64.Build.0 = Debug|Any CPU
		{386FC14A-EA94-4E66-AF69-3775FEA3BFC5}.Debug|x86.ActiveCfg = Debug|Any CPU
		{386FC14A-EA94-4E66-AF69-3775FEA3BFC5}.Debug|x86.Build.0 = Debug|Any CPU
		{386FC14A-EA94-4E66-AF69-3775FEA3BFC5}.Release|Any CPU.ActiveCfg = Release|Any CPU
		{386FC14A-EA94-4E66-AF69-3775FEA3BFC5}.Release|Any CPU.Build.0 = Release|Any CPU
		{386FC14A-EA94-4E66-AF69-3775FEA3BFC5}.Release|ARM.ActiveCfg = Release|Any CPU
		{386FC14A-EA94-4E66-AF69-3775FEA3BFC5}.Release|ARM.Build.0 = Release|Any CPU
		{386FC14A-EA94-4E66-AF69-3775FEA3BFC5}.Release|x64.ActiveCfg = Release|Any CPU
		{386FC14A-EA94-4E66-AF69-3775FEA3BFC5}.Release|x64.Build.0 = Release|Any CPU
		{386FC14A-EA94-4E66-AF69-3775FEA3BFC5}.Release|x86.ActiveCfg = Release|Any CPU
		{386FC14A-EA94-4E66-AF69-3775FEA3BFC5}.Release|x86.Build.0 = Release|Any CPU
		{54DB6B4F-CA8E-41FE-B96F-B51BC8E8C714}.Debug|Any CPU.ActiveCfg = Debug|Any CPU
		{54DB6B4F-CA8E-41FE-B96F-B51BC8E8C714}.Debug|Any CPU.Build.0 = Debug|Any CPU
		{54DB6B4F-CA8E-41FE-B96F-B51BC8E8C714}.Debug|ARM.ActiveCfg = Debug|Any CPU
		{54DB6B4F-CA8E-41FE-B96F-B51BC8E8C714}.Debug|ARM.Build.0 = Debug|Any CPU
		{54DB6B4F-CA8E-41FE-B96F-B51BC8E8C714}.Debug|x64.ActiveCfg = Debug|Any CPU
		{54DB6B4F-CA8E-41FE-B96F-B51BC8E8C714}.Debug|x64.Build.0 = Debug|Any CPU
		{54DB6B4F-CA8E-41FE-B96F-B51BC8E8C714}.Debug|x86.ActiveCfg = Debug|Any CPU
		{54DB6B4F-CA8E-41FE-B96F-B51BC8E8C714}.Debug|x86.Build.0 = Debug|Any CPU
		{54DB6B4F-CA8E-41FE-B96F-B51BC8E8C714}.Release|Any CPU.ActiveCfg = Release|Any CPU
		{54DB6B4F-CA8E-41FE-B96F-B51BC8E8C714}.Release|Any CPU.Build.0 = Release|Any CPU
		{54DB6B4F-CA8E-41FE-B96F-B51BC8E8C714}.Release|ARM.ActiveCfg = Release|Any CPU
		{54DB6B4F-CA8E-41FE-B96F-B51BC8E8C714}.Release|ARM.Build.0 = Release|Any CPU
		{54DB6B4F-CA8E-41FE-B96F-B51BC8E8C714}.Release|x64.ActiveCfg = Release|Any CPU
		{54DB6B4F-CA8E-41FE-B96F-B51BC8E8C714}.Release|x64.Build.0 = Release|Any CPU
		{54DB6B4F-CA8E-41FE-B96F-B51BC8E8C714}.Release|x86.ActiveCfg = Release|Any CPU
		{54DB6B4F-CA8E-41FE-B96F-B51BC8E8C714}.Release|x86.Build.0 = Release|Any CPU
		{84D9DA84-9139-4794-BB11-6512E8C75192}.Debug|Any CPU.ActiveCfg = Debug|Any CPU
		{84D9DA84-9139-4794-BB11-6512E8C75192}.Debug|Any CPU.Build.0 = Debug|Any CPU
		{84D9DA84-9139-4794-BB11-6512E8C75192}.Debug|ARM.ActiveCfg = Debug|Any CPU
		{84D9DA84-9139-4794-BB11-6512E8C75192}.Debug|ARM.Build.0 = Debug|Any CPU
		{84D9DA84-9139-4794-BB11-6512E8C75192}.Debug|x64.ActiveCfg = Debug|Any CPU
		{84D9DA84-9139-4794-BB11-6512E8C75192}.Debug|x64.Build.0 = Debug|Any CPU
		{84D9DA84-9139-4794-BB11-6512E8C75192}.Debug|x86.ActiveCfg = Debug|Any CPU
		{84D9DA84-9139-4794-BB11-6512E8C75192}.Debug|x86.Build.0 = Debug|Any CPU
		{84D9DA84-9139-4794-BB11-6512E8C75192}.Release|Any CPU.ActiveCfg = Release|Any CPU
		{84D9DA84-9139-4794-BB11-6512E8C75192}.Release|Any CPU.Build.0 = Release|Any CPU
		{84D9DA84-9139-4794-BB11-6512E8C75192}.Release|ARM.ActiveCfg = Release|Any CPU
		{84D9DA84-9139-4794-BB11-6512E8C75192}.Release|ARM.Build.0 = Release|Any CPU
		{84D9DA84-9139-4794-BB11-6512E8C75192}.Release|x64.ActiveCfg = Release|Any CPU
		{84D9DA84-9139-4794-BB11-6512E8C75192}.Release|x64.Build.0 = Release|Any CPU
		{84D9DA84-9139-4794-BB11-6512E8C75192}.Release|x86.ActiveCfg = Release|Any CPU
		{84D9DA84-9139-4794-BB11-6512E8C75192}.Release|x86.Build.0 = Release|Any CPU
	EndGlobalSection
	GlobalSection(SolutionProperties) = preSolution
		HideSolutionNode = FALSE
	EndGlobalSection
	GlobalSection(NestedProjects) = preSolution
		{E774E698-E2C3-4C82-AF09-4FB00EB5AA35} = {ACFB3BAF-51D7-47A0-BE38-2A729C61CBE1}
		{798954A9-62BE-47B7-9DC3-D9F1DA0CE94B} = {ACFB3BAF-51D7-47A0-BE38-2A729C61CBE1}
		{34A8C9F8-7A6E-404D-B217-164BC5D7BF47} = {ACFB3BAF-51D7-47A0-BE38-2A729C61CBE1}
		{E1730180-E347-4A23-97BF-4DB31A66B626} = {ACFB3BAF-51D7-47A0-BE38-2A729C61CBE1}
		{29BD8644-C1FE-4CAE-8408-64773A62558F} = {B13EFDCD-E61D-4563-BB28-EF0B0AAFD8DD}
		{B76473BD-5BD6-4588-847C-BB53B5BF4B96} = {4CDB272D-2AFC-4824-B085-78C155563D94}
		{E2AD3548-9879-48C5-9A19-55AA45B46C68} = {B13EFDCD-E61D-4563-BB28-EF0B0AAFD8DD}
		{0D176637-E67B-4169-BE84-A56AFF2EE2A8} = {B13EFDCD-E61D-4563-BB28-EF0B0AAFD8DD}
		{4C882E4A-CD57-48B3-9E23-0ED8EE6153D1} = {ACFB3BAF-51D7-47A0-BE38-2A729C61CBE1}
		{EBC62C6E-7580-496B-ABDB-A8B465D62042} = {ACFB3BAF-51D7-47A0-BE38-2A729C61CBE1}
		{D50F30A3-3A4C-42AC-A16E-C24A5AF401ED} = {4CDB272D-2AFC-4824-B085-78C155563D94}
		{386FC14A-EA94-4E66-AF69-3775FEA3BFC5} = {B13EFDCD-E61D-4563-BB28-EF0B0AAFD8DD}
		{54DB6B4F-CA8E-41FE-B96F-B51BC8E8C714} = {ACA505B0-CF5A-4692-9363-80507D9562B3}
		{84D9DA84-9139-4794-BB11-6512E8C75192} = {B13EFDCD-E61D-4563-BB28-EF0B0AAFD8DD}
	EndGlobalSection
EndGlobal
