
Microsoft Visual Studio Solution File, Format Version 12.00
# Visual Studio 15
VisualStudioVersion = 15.0.27004.2002
MinimumVisualStudioVersion = 10.0.40219.1
Project("{9A19103F-16F7-4668-BE54-9A1E7A4F7556}") = "IndiePortable.Formatter.Core", "IndiePortable.Formatter.Core\IndiePortable.Formatter.Core.csproj", "{52B99DDB-0C24-4F22-88D8-F7366296A5FE}"
EndProject
Project("{9A19103F-16F7-4668-BE54-9A1E7A4F7556}") = "IndiePortable.Formatter.Extensions", "IndiePortable.Formatter.Extensions\IndiePortable.Formatter.Extensions.csproj", "{464DBD0F-3E49-4644-8BF9-507C381E12D8}"
EndProject
Project("{2150E333-8FDC-42A3-9474-1A3956D46DE8}") = "Tests", "Tests", "{E01B8692-4FB2-4B2D-ACAB-D2F27452E4EF}"
EndProject
Project("{FAE04EC0-301F-11D3-BF4B-00C04F79EFBC}") = "IndiePortable.Formatter.Core.Tests", "IndiePortable.Formatter.Core.Tests\IndiePortable.Formatter.Core.Tests.csproj", "{2E3DF5C2-8A38-4A03-86D7-8D463C917E47}"
EndProject
Project("{F2A71F9B-5D33-465A-A702-920D77279786}") = "IndiePortable.Formatter.Core.UnitTests", "IndiePortable.Formatter.Core.UnitTests\IndiePortable.Formatter.Core.UnitTests.fsproj", "{24F4DC3B-791F-41FB-A7B6-A31D800A7293}"
EndProject
Global
	GlobalSection(SolutionConfigurationPlatforms) = preSolution
		Debug|Any CPU = Debug|Any CPU
		Release|Any CPU = Release|Any CPU
	EndGlobalSection
	GlobalSection(ProjectConfigurationPlatforms) = postSolution
		{52B99DDB-0C24-4F22-88D8-F7366296A5FE}.Debug|Any CPU.ActiveCfg = Debug|Any CPU
		{52B99DDB-0C24-4F22-88D8-F7366296A5FE}.Debug|Any CPU.Build.0 = Debug|Any CPU
		{52B99DDB-0C24-4F22-88D8-F7366296A5FE}.Release|Any CPU.ActiveCfg = Release|Any CPU
		{52B99DDB-0C24-4F22-88D8-F7366296A5FE}.Release|Any CPU.Build.0 = Release|Any CPU
		{464DBD0F-3E49-4644-8BF9-507C381E12D8}.Debug|Any CPU.ActiveCfg = Debug|Any CPU
		{464DBD0F-3E49-4644-8BF9-507C381E12D8}.Debug|Any CPU.Build.0 = Debug|Any CPU
		{464DBD0F-3E49-4644-8BF9-507C381E12D8}.Release|Any CPU.ActiveCfg = Release|Any CPU
		{464DBD0F-3E49-4644-8BF9-507C381E12D8}.Release|Any CPU.Build.0 = Release|Any CPU
		{2E3DF5C2-8A38-4A03-86D7-8D463C917E47}.Debug|Any CPU.ActiveCfg = Debug|Any CPU
		{2E3DF5C2-8A38-4A03-86D7-8D463C917E47}.Debug|Any CPU.Build.0 = Debug|Any CPU
		{2E3DF5C2-8A38-4A03-86D7-8D463C917E47}.Release|Any CPU.ActiveCfg = Release|Any CPU
		{2E3DF5C2-8A38-4A03-86D7-8D463C917E47}.Release|Any CPU.Build.0 = Release|Any CPU
		{24F4DC3B-791F-41FB-A7B6-A31D800A7293}.Debug|Any CPU.ActiveCfg = Debug|Any CPU
		{24F4DC3B-791F-41FB-A7B6-A31D800A7293}.Debug|Any CPU.Build.0 = Debug|Any CPU
		{24F4DC3B-791F-41FB-A7B6-A31D800A7293}.Release|Any CPU.ActiveCfg = Release|Any CPU
		{24F4DC3B-791F-41FB-A7B6-A31D800A7293}.Release|Any CPU.Build.0 = Release|Any CPU
	EndGlobalSection
	GlobalSection(SolutionProperties) = preSolution
		HideSolutionNode = FALSE
	EndGlobalSection
	GlobalSection(NestedProjects) = preSolution
		{2E3DF5C2-8A38-4A03-86D7-8D463C917E47} = {E01B8692-4FB2-4B2D-ACAB-D2F27452E4EF}
		{24F4DC3B-791F-41FB-A7B6-A31D800A7293} = {E01B8692-4FB2-4B2D-ACAB-D2F27452E4EF}
	EndGlobalSection
	GlobalSection(ExtensibilityGlobals) = postSolution
		SolutionGuid = {4D7FB2C8-E9B6-4E50-A4B5-A65BAB3379AF}
	EndGlobalSection
EndGlobal
